
Microsoft Visual Studio Solution File, Format Version 12.00
# Visual Studio Version 17
VisualStudioVersion = 17.9.34616.47
MinimumVisualStudioVersion = 10.0.40219.1
Project("{FAE04EC0-301F-11D3-BF4B-00C04F79EFBC}") = "CARS", "CARS\CARS.csproj", "{444BCCF6-E386-47C6-A310-71234C8E5ECD}"
EndProject
Global
	GlobalSection(SolutionConfigurationPlatforms) = preSolution
		Debug|Any CPU = Debug|Any CPU
		Release|Any CPU = Release|Any CPU
	EndGlobalSection
	GlobalSection(ProjectConfigurationPlatforms) = postSolution
		{444BCCF6-E386-47C6-A310-71234C8E5ECD}.Debug|Any CPU.ActiveCfg = Debug|Any CPU
		{444BCCF6-E386-47C6-A310-71234C8E5ECD}.Debug|Any CPU.Build.0 = Debug|Any CPU
		{444BCCF6-E386-47C6-A310-71234C8E5ECD}.Release|Any CPU.ActiveCfg = Release|Any CPU
		{444BCCF6-E386-47C6-A310-71234C8E5ECD}.Release|Any CPU.Build.0 = Release|Any CPU
	EndGlobalSection
	GlobalSection(SolutionProperties) = preSolution
		HideSolutionNode = FALSE
	EndGlobalSection
	GlobalSection(ExtensibilityGlobals) = postSolution
		SolutionGuid = {5AA9172D-F416-4CB6-BC1B-6C5B8307D9A1}
	EndGlobalSection
EndGlobal
